
Microsoft Visual Studio Solution File, Format Version 12.00
# Visual Studio Version 16
VisualStudioVersion = 16.0.31105.61
MinimumVisualStudioVersion = 10.0.40219.1
Project("{FAE04EC0-301F-11D3-BF4B-00C04F79EFBC}") = "tx-pdf-lines", "tx-pdf-lines.csproj", "{D98427FA-10DA-4EBE-AE6D-14AACF8DADDC}"
EndProject
Global
	GlobalSection(SolutionConfigurationPlatforms) = preSolution
		Debug|Any CPU = Debug|Any CPU
		Release|Any CPU = Release|Any CPU
	EndGlobalSection
	GlobalSection(ProjectConfigurationPlatforms) = postSolution
		{D98427FA-10DA-4EBE-AE6D-14AACF8DADDC}.Debug|Any CPU.ActiveCfg = Debug|Any CPU
		{D98427FA-10DA-4EBE-AE6D-14AACF8DADDC}.Debug|Any CPU.Build.0 = Debug|Any CPU
		{D98427FA-10DA-4EBE-AE6D-14AACF8DADDC}.Release|Any CPU.ActiveCfg = Release|Any CPU
		{D98427FA-10DA-4EBE-AE6D-14AACF8DADDC}.Release|Any CPU.Build.0 = Release|Any CPU
	EndGlobalSection
	GlobalSection(SolutionProperties) = preSolution
		HideSolutionNode = FALSE
	EndGlobalSection
	GlobalSection(ExtensibilityGlobals) = postSolution
		SolutionGuid = {3B08C9D5-4B2D-4B22-B16E-B5D96A18972D}
	EndGlobalSection
EndGlobal
